
Microsoft Visual Studio Solution File, Format Version 12.00
# Visual Studio 15
Project("{FAE04EC0-301F-11D3-BF4B-00C04F79EFBC}") = "Unity.Timeline", "Unity.Timeline.csproj", "{CA4D6659-7B28-3F5F-6D64-8BCD2902ABFD}"
EndProject
Project("{FAE04EC0-301F-11D3-BF4B-00C04F79EFBC}") = "Unity.Timeline.Editor", "Unity.Timeline.Editor.csproj", "{2320311E-0B7E-3DD5-F63C-CE757C07E2F0}"
EndProject
Project("{FAE04EC0-301F-11D3-BF4B-00C04F79EFBC}") = "Unity.TextMeshPro.Editor", "Unity.TextMeshPro.Editor.csproj", "{50B462FE-6D86-235E-F736-2F7837FAB306}"
EndProject
Project("{FAE04EC0-301F-11D3-BF4B-00C04F79EFBC}") = "Unity.VisualScripting.Flow", "Unity.VisualScripting.Flow.csproj", "{C63954EB-BB76-0C97-E7C0-EE06F87F1C1F}"
EndProject
Project("{FAE04EC0-301F-11D3-BF4B-00C04F79EFBC}") = "UnityEditor.UI", "UnityEditor.UI.csproj", "{CE267366-6535-80CD-DE53-512BAE616DF8}"
EndProject
Project("{FAE04EC0-301F-11D3-BF4B-00C04F79EFBC}") = "Unity.PlasticSCM.Editor", "Unity.PlasticSCM.Editor.csproj", "{67EB12B3-8040-8EA7-46F4-2AA5758C1860}"
EndProject
Project("{FAE04EC0-301F-11D3-BF4B-00C04F79EFBC}") = "Unity.VisualScripting.Core", "Unity.VisualScripting.Core.csproj", "{708DB681-A110-BDF0-9425-7C38E299F3A4}"
EndProject
Project("{FAE04EC0-301F-11D3-BF4B-00C04F79EFBC}") = "Unity.VisualScripting.Core.Editor", "Unity.VisualScripting.Core.Editor.csproj", "{C96561EB-CE84-7A6B-69ED-CC9D82472311}"
EndProject
Project("{FAE04EC0-301F-11D3-BF4B-00C04F79EFBC}") = "Unity.VisualScripting.Flow.Editor", "Unity.VisualScripting.Flow.Editor.csproj", "{EA504856-07D1-C3AB-64E0-FD3F32827E0C}"
EndProject
Project("{FAE04EC0-301F-11D3-BF4B-00C04F79EFBC}") = "UnityEditor.TestRunner", "UnityEditor.TestRunner.csproj", "{69A702C0-7280-DC7E-CB68-48E5C085C151}"
EndProject
Project("{FAE04EC0-301F-11D3-BF4B-00C04F79EFBC}") = "Unity.VisualScripting.SettingsProvider.Editor", "Unity.VisualScripting.SettingsProvider.Editor.csproj", "{857A38A0-BCFA-E0D6-5210-BE067552E41C}"
EndProject
Project("{FAE04EC0-301F-11D3-BF4B-00C04F79EFBC}") = "UnityEngine.TestRunner", "UnityEngine.TestRunner.csproj", "{D0BBB048-BF96-F22B-1E8C-CCD5294D275A}"
EndProject
Project("{FAE04EC0-301F-11D3-BF4B-00C04F79EFBC}") = "UnityEngine.UI", "UnityEngine.UI.csproj", "{8B3E516E-9BA8-04D4-D4C0-8C7E57DCF833}"
EndProject
Project("{FAE04EC0-301F-11D3-BF4B-00C04F79EFBC}") = "Unity.VisualStudio.Editor", "Unity.VisualStudio.Editor.csproj", "{BA16DFB6-77B2-539D-B016-358EC61CD499}"
EndProject
Project("{FAE04EC0-301F-11D3-BF4B-00C04F79EFBC}") = "Unity.TestTools.CodeCoverage.Editor.OpenCover.Model", "Unity.TestTools.CodeCoverage.Editor.OpenCover.Model.csproj", "{821D2B09-5496-0E00-B754-64AED513BD97}"
EndProject
Project("{FAE04EC0-301F-11D3-BF4B-00C04F79EFBC}") = "Unity.Rider.Editor", "Unity.Rider.Editor.csproj", "{FD71D807-1226-9E97-FFC9-47168D1475FB}"
EndProject
Project("{FAE04EC0-301F-11D3-BF4B-00C04F79EFBC}") = "Unity.VisualScripting.State.Editor", "Unity.VisualScripting.State.Editor.csproj", "{695C5FD2-E927-0BA6-B240-22217DE95599}"
EndProject
Project("{FAE04EC0-301F-11D3-BF4B-00C04F79EFBC}") = "Unity.TestTools.CodeCoverage.Editor", "Unity.TestTools.CodeCoverage.Editor.csproj", "{75D05DF4-4E30-F442-9400-57FE9767F729}"
EndProject
Project("{FAE04EC0-301F-11D3-BF4B-00C04F79EFBC}") = "Unity.VisualScripting.State", "Unity.VisualScripting.State.csproj", "{504D12B7-B665-E410-55E6-A447A4E32C91}"
EndProject
Project("{FAE04EC0-301F-11D3-BF4B-00C04F79EFBC}") = "Unity.TextMeshPro", "Unity.TextMeshPro.csproj", "{F7C926C8-530F-234E-0E71-7F0145699BD8}"
EndProject
Project("{FAE04EC0-301F-11D3-BF4B-00C04F79EFBC}") = "Unity.Performance.Profile-Analyzer.Editor", "Unity.Performance.Profile-Analyzer.Editor.csproj", "{AE6266B3-B9D4-226E-9A64-42E562AD7340}"
EndProject
Project("{FAE04EC0-301F-11D3-BF4B-00C04F79EFBC}") = "Unity.VSCode.Editor", "Unity.VSCode.Editor.csproj", "{A3832618-66CC-889F-40BF-A1AD77F3E703}"
EndProject
Project("{FAE04EC0-301F-11D3-BF4B-00C04F79EFBC}") = "Unity.TestTools.CodeCoverage.Editor.OpenCover.Mono.Reflection", "Unity.TestTools.CodeCoverage.Editor.OpenCover.Mono.Reflection.csproj", "{1D8EA89C-4FBF-B55E-31C8-8FECD969FD97}"
EndProject
Project("{FAE04EC0-301F-11D3-BF4B-00C04F79EFBC}") = "Unity.Settings.Editor", "Unity.Settings.Editor.csproj", "{F3762CD4-CC41-1C96-5668-95941AED9237}"
EndProject
Project("{FAE04EC0-301F-11D3-BF4B-00C04F79EFBC}") = "Assembly-CSharp", "Assembly-CSharp.csproj", "{7056E223-B944-7F6B-F00D-1CE9B20A7FD5}"
EndProject
Project("{FAE04EC0-301F-11D3-BF4B-00C04F79EFBC}") = "Unity.EditorCoroutines.Editor", "Unity.EditorCoroutines.Editor.csproj", "{883A51A8-B408-D627-2B4B-09375219084E}"
EndProject
Project("{FAE04EC0-301F-11D3-BF4B-00C04F79EFBC}") = "Unity.VisualScripting.Shared.Editor", "Unity.VisualScripting.Shared.Editor.csproj", "{F8104DCF-27E1-3342-B1AF-56B4D4648B65}"
EndProject
Project("{FAE04EC0-301F-11D3-BF4B-00C04F79EFBC}") = "Unity.CollabProxy.Editor", "Unity.CollabProxy.Editor.csproj", "{5DC2A71A-5EEE-AA79-4FAA-910FD41619B8}"
EndProject
Project("{FAE04EC0-301F-11D3-BF4B-00C04F79EFBC}") = "Unity.Timeline", "Unity.Timeline.Player.csproj", "{CAB38BF7-860A-80A6-7B64-5624A47CDF9C}"
EndProject
Project("{FAE04EC0-301F-11D3-BF4B-00C04F79EFBC}") = "Unity.VisualScripting.Flow", "Unity.VisualScripting.Flow.Player.csproj", "{FDCB1979-8918-3F31-0AE6-505EB29D9652}"
EndProject
Project("{FAE04EC0-301F-11D3-BF4B-00C04F79EFBC}") = "Unity.VisualScripting.Core", "Unity.VisualScripting.Core.Player.csproj", "{DF704E22-1188-1793-1821-59DD643AD19D}"
EndProject
Project("{FAE04EC0-301F-11D3-BF4B-00C04F79EFBC}") = "UnityEngine.TestRunner", "UnityEngine.TestRunner.Player.csproj", "{C54B6D42-E48E-A325-6495-70C37EBFE153}"
EndProject
Project("{FAE04EC0-301F-11D3-BF4B-00C04F79EFBC}") = "UnityEngine.UI", "UnityEngine.UI.Player.csproj", "{4188909E-15B7-5456-3E51-A0F7ED0BF830}"
EndProject
Project("{FAE04EC0-301F-11D3-BF4B-00C04F79EFBC}") = "Unity.VisualScripting.State", "Unity.VisualScripting.State.Player.csproj", "{DE656453-9C8C-54BA-7E2B-584BC8318EA6}"
EndProject
Project("{FAE04EC0-301F-11D3-BF4B-00C04F79EFBC}") = "Unity.TextMeshPro", "Unity.TextMeshPro.Player.csproj", "{F6BF5E40-4600-AFAD-2FD8-E88BB96455CD}"
EndProject
Project("{FAE04EC0-301F-11D3-BF4B-00C04F79EFBC}") = "Assembly-CSharp", "Assembly-CSharp.Player.csproj", "{D3A2532D-F02E-DF8F-185F-FADE23E69F3F}"
EndProject
Global
	GlobalSection(SolutionConfigurationPlatforms) = preSolution
		Debug|Any CPU = Debug|Any CPU
		Release|Any CPU = Release|Any CPU
	EndGlobalSection
	GlobalSection(ProjectConfigurationPlatforms) = postSolution
		{CA4D6659-7B28-3F5F-6D64-8BCD2902ABFD}.Debug|Any CPU.ActiveCfg = Debug|Any CPU
		{CA4D6659-7B28-3F5F-6D64-8BCD2902ABFD}.Debug|Any CPU.Build.0 = Debug|Any CPU
		{CA4D6659-7B28-3F5F-6D64-8BCD2902ABFD}.Release|Any CPU.ActiveCfg = Release|Any CPU
		{CA4D6659-7B28-3F5F-6D64-8BCD2902ABFD}.Release|Any CPU.Build.0 = Release|Any CPU
		{2320311E-0B7E-3DD5-F63C-CE757C07E2F0}.Debug|Any CPU.ActiveCfg = Debug|Any CPU
		{2320311E-0B7E-3DD5-F63C-CE757C07E2F0}.Debug|Any CPU.Build.0 = Debug|Any CPU
		{2320311E-0B7E-3DD5-F63C-CE757C07E2F0}.Release|Any CPU.ActiveCfg = Release|Any CPU
		{2320311E-0B7E-3DD5-F63C-CE757C07E2F0}.Release|Any CPU.Build.0 = Release|Any CPU
		{50B462FE-6D86-235E-F736-2F7837FAB306}.Debug|Any CPU.ActiveCfg = Debug|Any CPU
		{50B462FE-6D86-235E-F736-2F7837FAB306}.Debug|Any CPU.Build.0 = Debug|Any CPU
		{50B462FE-6D86-235E-F736-2F7837FAB306}.Release|Any CPU.ActiveCfg = Release|Any CPU
		{50B462FE-6D86-235E-F736-2F7837FAB306}.Release|Any CPU.Build.0 = Release|Any CPU
		{C63954EB-BB76-0C97-E7C0-EE06F87F1C1F}.Debug|Any CPU.ActiveCfg = Debug|Any CPU
		{C63954EB-BB76-0C97-E7C0-EE06F87F1C1F}.Debug|Any CPU.Build.0 = Debug|Any CPU
		{C63954EB-BB76-0C97-E7C0-EE06F87F1C1F}.Release|Any CPU.ActiveCfg = Release|Any CPU
		{C63954EB-BB76-0C97-E7C0-EE06F87F1C1F}.Release|Any CPU.Build.0 = Release|Any CPU
		{CE267366-6535-80CD-DE53-512BAE616DF8}.Debug|Any CPU.ActiveCfg = Debug|Any CPU
		{CE267366-6535-80CD-DE53-512BAE616DF8}.Debug|Any CPU.Build.0 = Debug|Any CPU
		{CE267366-6535-80CD-DE53-512BAE616DF8}.Release|Any CPU.ActiveCfg = Release|Any CPU
		{CE267366-6535-80CD-DE53-512BAE616DF8}.Release|Any CPU.Build.0 = Release|Any CPU
		{67EB12B3-8040-8EA7-46F4-2AA5758C1860}.Debug|Any CPU.ActiveCfg = Debug|Any CPU
		{67EB12B3-8040-8EA7-46F4-2AA5758C1860}.Debug|Any CPU.Build.0 = Debug|Any CPU
		{67EB12B3-8040-8EA7-46F4-2AA5758C1860}.Release|Any CPU.ActiveCfg = Release|Any CPU
		{67EB12B3-8040-8EA7-46F4-2AA5758C1860}.Release|Any CPU.Build.0 = Release|Any CPU
		{708DB681-A110-BDF0-9425-7C38E299F3A4}.Debug|Any CPU.ActiveCfg = Debug|Any CPU
		{708DB681-A110-BDF0-9425-7C38E299F3A4}.Debug|Any CPU.Build.0 = Debug|Any CPU
		{708DB681-A110-BDF0-9425-7C38E299F3A4}.Release|Any CPU.ActiveCfg = Release|Any CPU
		{708DB681-A110-BDF0-9425-7C38E299F3A4}.Release|Any CPU.Build.0 = Release|Any CPU
		{C96561EB-CE84-7A6B-69ED-CC9D82472311}.Debug|Any CPU.ActiveCfg = Debug|Any CPU
		{C96561EB-CE84-7A6B-69ED-CC9D82472311}.Debug|Any CPU.Build.0 = Debug|Any CPU
		{C96561EB-CE84-7A6B-69ED-CC9D82472311}.Release|Any CPU.ActiveCfg = Release|Any CPU
		{C96561EB-CE84-7A6B-69ED-CC9D82472311}.Release|Any CPU.Build.0 = Release|Any CPU
		{EA504856-07D1-C3AB-64E0-FD3F32827E0C}.Debug|Any CPU.ActiveCfg = Debug|Any CPU
		{EA504856-07D1-C3AB-64E0-FD3F32827E0C}.Debug|Any CPU.Build.0 = Debug|Any CPU
		{EA504856-07D1-C3AB-64E0-FD3F32827E0C}.Release|Any CPU.ActiveCfg = Release|Any CPU
		{EA504856-07D1-C3AB-64E0-FD3F32827E0C}.Release|Any CPU.Build.0 = Release|Any CPU
		{69A702C0-7280-DC7E-CB68-48E5C085C151}.Debug|Any CPU.ActiveCfg = Debug|Any CPU
		{69A702C0-7280-DC7E-CB68-48E5C085C151}.Debug|Any CPU.Build.0 = Debug|Any CPU
		{69A702C0-7280-DC7E-CB68-48E5C085C151}.Release|Any CPU.ActiveCfg = Release|Any CPU
		{69A702C0-7280-DC7E-CB68-48E5C085C151}.Release|Any CPU.Build.0 = Release|Any CPU
		{857A38A0-BCFA-E0D6-5210-BE067552E41C}.Debug|Any CPU.ActiveCfg = Debug|Any CPU
		{857A38A0-BCFA-E0D6-5210-BE067552E41C}.Debug|Any CPU.Build.0 = Debug|Any CPU
		{857A38A0-BCFA-E0D6-5210-BE067552E41C}.Release|Any CPU.ActiveCfg = Release|Any CPU
		{857A38A0-BCFA-E0D6-5210-BE067552E41C}.Release|Any CPU.Build.0 = Release|Any CPU
		{D0BBB048-BF96-F22B-1E8C-CCD5294D275A}.Debug|Any CPU.ActiveCfg = Debug|Any CPU
		{D0BBB048-BF96-F22B-1E8C-CCD5294D275A}.Debug|Any CPU.Build.0 = Debug|Any CPU
		{D0BBB048-BF96-F22B-1E8C-CCD5294D275A}.Release|Any CPU.ActiveCfg = Release|Any CPU
		{D0BBB048-BF96-F22B-1E8C-CCD5294D275A}.Release|Any CPU.Build.0 = Release|Any CPU
		{8B3E516E-9BA8-04D4-D4C0-8C7E57DCF833}.Debug|Any CPU.ActiveCfg = Debug|Any CPU
		{8B3E516E-9BA8-04D4-D4C0-8C7E57DCF833}.Debug|Any CPU.Build.0 = Debug|Any CPU
		{8B3E516E-9BA8-04D4-D4C0-8C7E57DCF833}.Release|Any CPU.ActiveCfg = Release|Any CPU
		{8B3E516E-9BA8-04D4-D4C0-8C7E57DCF833}.Release|Any CPU.Build.0 = Release|Any CPU
		{BA16DFB6-77B2-539D-B016-358EC61CD499}.Debug|Any CPU.ActiveCfg = Debug|Any CPU
		{BA16DFB6-77B2-539D-B016-358EC61CD499}.Debug|Any CPU.Build.0 = Debug|Any CPU
		{BA16DFB6-77B2-539D-B016-358EC61CD499}.Release|Any CPU.ActiveCfg = Release|Any CPU
		{BA16DFB6-77B2-539D-B016-358EC61CD499}.Release|Any CPU.Build.0 = Release|Any CPU
		{821D2B09-5496-0E00-B754-64AED513BD97}.Debug|Any CPU.ActiveCfg = Debug|Any CPU
		{821D2B09-5496-0E00-B754-64AED513BD97}.Debug|Any CPU.Build.0 = Debug|Any CPU
		{821D2B09-5496-0E00-B754-64AED513BD97}.Release|Any CPU.ActiveCfg = Release|Any CPU
		{821D2B09-5496-0E00-B754-64AED513BD97}.Release|Any CPU.Build.0 = Release|Any CPU
		{FD71D807-1226-9E97-FFC9-47168D1475FB}.Debug|Any CPU.ActiveCfg = Debug|Any CPU
		{FD71D807-1226-9E97-FFC9-47168D1475FB}.Debug|Any CPU.Build.0 = Debug|Any CPU
		{FD71D807-1226-9E97-FFC9-47168D1475FB}.Release|Any CPU.ActiveCfg = Release|Any CPU
		{FD71D807-1226-9E97-FFC9-47168D1475FB}.Release|Any CPU.Build.0 = Release|Any CPU
		{695C5FD2-E927-0BA6-B240-22217DE95599}.Debug|Any CPU.ActiveCfg = Debug|Any CPU
		{695C5FD2-E927-0BA6-B240-22217DE95599}.Debug|Any CPU.Build.0 = Debug|Any CPU
		{695C5FD2-E927-0BA6-B240-22217DE95599}.Release|Any CPU.ActiveCfg = Release|Any CPU
		{695C5FD2-E927-0BA6-B240-22217DE95599}.Release|Any CPU.Build.0 = Release|Any CPU
		{75D05DF4-4E30-F442-9400-57FE9767F729}.Debug|Any CPU.ActiveCfg = Debug|Any CPU
		{75D05DF4-4E30-F442-9400-57FE9767F729}.Debug|Any CPU.Build.0 = Debug|Any CPU
		{75D05DF4-4E30-F442-9400-57FE9767F729}.Release|Any CPU.ActiveCfg = Release|Any CPU
		{75D05DF4-4E30-F442-9400-57FE9767F729}.Release|Any CPU.Build.0 = Release|Any CPU
		{504D12B7-B665-E410-55E6-A447A4E32C91}.Debug|Any CPU.ActiveCfg = Debug|Any CPU
		{504D12B7-B665-E410-55E6-A447A4E32C91}.Debug|Any CPU.Build.0 = Debug|Any CPU
		{504D12B7-B665-E410-55E6-A447A4E32C91}.Release|Any CPU.ActiveCfg = Release|Any CPU
		{504D12B7-B665-E410-55E6-A447A4E32C91}.Release|Any CPU.Build.0 = Release|Any CPU
		{F7C926C8-530F-234E-0E71-7F0145699BD8}.Debug|Any CPU.ActiveCfg = Debug|Any CPU
		{F7C926C8-530F-234E-0E71-7F0145699BD8}.Debug|Any CPU.Build.0 = Debug|Any CPU
		{F7C926C8-530F-234E-0E71-7F0145699BD8}.Release|Any CPU.ActiveCfg = Release|Any CPU
		{F7C926C8-530F-234E-0E71-7F0145699BD8}.Release|Any CPU.Build.0 = Release|Any CPU
		{AE6266B3-B9D4-226E-9A64-42E562AD7340}.Debug|Any CPU.ActiveCfg = Debug|Any CPU
		{AE6266B3-B9D4-226E-9A64-42E562AD7340}.Debug|Any CPU.Build.0 = Debug|Any CPU
		{AE6266B3-B9D4-226E-9A64-42E562AD7340}.Release|Any CPU.ActiveCfg = Release|Any CPU
		{AE6266B3-B9D4-226E-9A64-42E562AD7340}.Release|Any CPU.Build.0 = Release|Any CPU
		{A3832618-66CC-889F-40BF-A1AD77F3E703}.Debug|Any CPU.ActiveCfg = Debug|Any CPU
		{A3832618-66CC-889F-40BF-A1AD77F3E703}.Debug|Any CPU.Build.0 = Debug|Any CPU
		{A3832618-66CC-889F-40BF-A1AD77F3E703}.Release|Any CPU.ActiveCfg = Release|Any CPU
		{A3832618-66CC-889F-40BF-A1AD77F3E703}.Release|Any CPU.Build.0 = Release|Any CPU
		{1D8EA89C-4FBF-B55E-31C8-8FECD969FD97}.Debug|Any CPU.ActiveCfg = Debug|Any CPU
		{1D8EA89C-4FBF-B55E-31C8-8FECD969FD97}.Debug|Any CPU.Build.0 = Debug|Any CPU
		{1D8EA89C-4FBF-B55E-31C8-8FECD969FD97}.Release|Any CPU.ActiveCfg = Release|Any CPU
		{1D8EA89C-4FBF-B55E-31C8-8FECD969FD97}.Release|Any CPU.Build.0 = Release|Any CPU
		{F3762CD4-CC41-1C96-5668-95941AED9237}.Debug|Any CPU.ActiveCfg = Debug|Any CPU
		{F3762CD4-CC41-1C96-5668-95941AED9237}.Debug|Any CPU.Build.0 = Debug|Any CPU
		{F3762CD4-CC41-1C96-5668-95941AED9237}.Release|Any CPU.ActiveCfg = Release|Any CPU
		{F3762CD4-CC41-1C96-5668-95941AED9237}.Release|Any CPU.Build.0 = Release|Any CPU
		{7056E223-B944-7F6B-F00D-1CE9B20A7FD5}.Debug|Any CPU.ActiveCfg = Debug|Any CPU
		{7056E223-B944-7F6B-F00D-1CE9B20A7FD5}.Debug|Any CPU.Build.0 = Debug|Any CPU
		{7056E223-B944-7F6B-F00D-1CE9B20A7FD5}.Release|Any CPU.ActiveCfg = Release|Any CPU
		{7056E223-B944-7F6B-F00D-1CE9B20A7FD5}.Release|Any CPU.Build.0 = Release|Any CPU
		{883A51A8-B408-D627-2B4B-09375219084E}.Debug|Any CPU.ActiveCfg = Debug|Any CPU
		{883A51A8-B408-D627-2B4B-09375219084E}.Debug|Any CPU.Build.0 = Debug|Any CPU
		{883A51A8-B408-D627-2B4B-09375219084E}.Release|Any CPU.ActiveCfg = Release|Any CPU
		{883A51A8-B408-D627-2B4B-09375219084E}.Release|Any CPU.Build.0 = Release|Any CPU
		{F8104DCF-27E1-3342-B1AF-56B4D4648B65}.Debug|Any CPU.ActiveCfg = Debug|Any CPU
		{F8104DCF-27E1-3342-B1AF-56B4D4648B65}.Debug|Any CPU.Build.0 = Debug|Any CPU
		{F8104DCF-27E1-3342-B1AF-56B4D4648B65}.Release|Any CPU.ActiveCfg = Release|Any CPU
		{F8104DCF-27E1-3342-B1AF-56B4D4648B65}.Release|Any CPU.Build.0 = Release|Any CPU
		{5DC2A71A-5EEE-AA79-4FAA-910FD41619B8}.Debug|Any CPU.ActiveCfg = Debug|Any CPU
		{5DC2A71A-5EEE-AA79-4FAA-910FD41619B8}.Debug|Any CPU.Build.0 = Debug|Any CPU
		{5DC2A71A-5EEE-AA79-4FAA-910FD41619B8}.Release|Any CPU.ActiveCfg = Release|Any CPU
		{5DC2A71A-5EEE-AA79-4FAA-910FD41619B8}.Release|Any CPU.Build.0 = Release|Any CPU
		{CAB38BF7-860A-80A6-7B64-5624A47CDF9C}.Debug|Any CPU.ActiveCfg = Debug|Any CPU
		{CAB38BF7-860A-80A6-7B64-5624A47CDF9C}.Debug|Any CPU.Build.0 = Debug|Any CPU
		{CAB38BF7-860A-80A6-7B64-5624A47CDF9C}.Release|Any CPU.ActiveCfg = Release|Any CPU
		{CAB38BF7-860A-80A6-7B64-5624A47CDF9C}.Release|Any CPU.Build.0 = Release|Any CPU
		{FDCB1979-8918-3F31-0AE6-505EB29D9652}.Debug|Any CPU.ActiveCfg = Debug|Any CPU
		{FDCB1979-8918-3F31-0AE6-505EB29D9652}.Debug|Any CPU.Build.0 = Debug|Any CPU
		{FDCB1979-8918-3F31-0AE6-505EB29D9652}.Release|Any CPU.ActiveCfg = Release|Any CPU
		{FDCB1979-8918-3F31-0AE6-505EB29D9652}.Release|Any CPU.Build.0 = Release|Any CPU
		{DF704E22-1188-1793-1821-59DD643AD19D}.Debug|Any CPU.ActiveCfg = Debug|Any CPU
		{DF704E22-1188-1793-1821-59DD643AD19D}.Debug|Any CPU.Build.0 = Debug|Any CPU
		{DF704E22-1188-1793-1821-59DD643AD19D}.Release|Any CPU.ActiveCfg = Release|Any CPU
		{DF704E22-1188-1793-1821-59DD643AD19D}.Release|Any CPU.Build.0 = Release|Any CPU
		{C54B6D42-E48E-A325-6495-70C37EBFE153}.Debug|Any CPU.ActiveCfg = Debug|Any CPU
		{C54B6D42-E48E-A325-6495-70C37EBFE153}.Debug|Any CPU.Build.0 = Debug|Any CPU
		{C54B6D42-E48E-A325-6495-70C37EBFE153}.Release|Any CPU.ActiveCfg = Release|Any CPU
		{C54B6D42-E48E-A325-6495-70C37EBFE153}.Release|Any CPU.Build.0 = Release|Any CPU
		{4188909E-15B7-5456-3E51-A0F7ED0BF830}.Debug|Any CPU.ActiveCfg = Debug|Any CPU
		{4188909E-15B7-5456-3E51-A0F7ED0BF830}.Debug|Any CPU.Build.0 = Debug|Any CPU
		{4188909E-15B7-5456-3E51-A0F7ED0BF830}.Release|Any CPU.ActiveCfg = Release|Any CPU
		{4188909E-15B7-5456-3E51-A0F7ED0BF830}.Release|Any CPU.Build.0 = Release|Any CPU
		{DE656453-9C8C-54BA-7E2B-584BC8318EA6}.Debug|Any CPU.ActiveCfg = Debug|Any CPU
		{DE656453-9C8C-54BA-7E2B-584BC8318EA6}.Debug|Any CPU.Build.0 = Debug|Any CPU
		{DE656453-9C8C-54BA-7E2B-584BC8318EA6}.Release|Any CPU.ActiveCfg = Release|Any CPU
		{DE656453-9C8C-54BA-7E2B-584BC8318EA6}.Release|Any CPU.Build.0 = Release|Any CPU
		{F6BF5E40-4600-AFAD-2FD8-E88BB96455CD}.Debug|Any CPU.ActiveCfg = Debug|Any CPU
		{F6BF5E40-4600-AFAD-2FD8-E88BB96455CD}.Debug|Any CPU.Build.0 = Debug|Any CPU
		{F6BF5E40-4600-AFAD-2FD8-E88BB96455CD}.Release|Any CPU.ActiveCfg = Release|Any CPU
		{F6BF5E40-4600-AFAD-2FD8-E88BB96455CD}.Release|Any CPU.Build.0 = Release|Any CPU
		{D3A2532D-F02E-DF8F-185F-FADE23E69F3F}.Debug|Any CPU.ActiveCfg = Debug|Any CPU
		{D3A2532D-F02E-DF8F-185F-FADE23E69F3F}.Debug|Any CPU.Build.0 = Debug|Any CPU
		{D3A2532D-F02E-DF8F-185F-FADE23E69F3F}.Release|Any CPU.ActiveCfg = Release|Any CPU
		{D3A2532D-F02E-DF8F-185F-FADE23E69F3F}.Release|Any CPU.Build.0 = Release|Any CPU
	EndGlobalSection
	GlobalSection(SolutionProperties) = preSolution
		HideSolutionNode = FALSE
	EndGlobalSection
EndGlobal
